PODS:
  - Mockingjay (3.0.0-alpha.1):
    - Mockingjay/Core (= 3.0.0-alpha.1)
    - Mockingjay/XCTest (= 3.0.0-alpha.1)
  - Mockingjay/Core (3.0.0-alpha.1):
    - URITemplate (~> 3.0)
  - Mockingjay/XCTest (3.0.0-alpha.1):
    - Mockingjay/Core
  - Nimble (8.0.4)
  - Quick (2.2.0)
  - SwiftProtobuf (1.7.0)
  - URITemplate (3.0.0)

DEPENDENCIES:
  - Mockingjay (from `https://github.com/kylef/Mockingjay.git`)
  - Nimble
  - Quick
  - SwiftProtobuf

SPEC REPOS:
  https://github.com/CocoaPods/Specs.git:
    - Nimble
    - Quick
    - SwiftProtobuf
    - URITemplate

EXTERNAL SOURCES:
  Mockingjay:
    :git: https://github.com/kylef/Mockingjay.git

CHECKOUT OPTIONS:
  Mockingjay:
    :commit: 978253ce130410a677f132e87736c7a149bf5889
    :git: https://github.com/kylef/Mockingjay.git

SPEC CHECKSUMS:
  Mockingjay: 97656c6f59879923976a0a52ef09da45756cca82
  Nimble: 18d5360282923225d62b09d781f63abc1a0111fc
  Quick: 7fb19e13be07b5dfb3b90d4f9824c855a11af40e
  SwiftProtobuf: 4fd9645e69b72cbae6ec8da5be0cdd20ca6565dd
  URITemplate: 58e0d47f967006c5d59888af5356c4a8ed3b197d

PODFILE CHECKSUM: 201dfb2d77b35c11b829309bc377685099d9132b

COCOAPODS: 1.8.4
