// !$*UTF8*$!
{
	archiveVersion = 1;
	classes = {
	};
	objectVersion = 51;
	objects = {

/* Begin PBXBuildFile section */
		2FF604E3236C0D55008BA3A0 /* CoreServices.framework in Frameworks */ = {isa = PBXBuildFile; fileRef = AA8415402369ADF0000D2925 /* CoreServices.framework */; };
		7E06C83421672593008E4AC6 /* MimeType.swift in Sources */ = {isa = PBXBuildFile; fileRef = 7E06C83321672593008E4AC6 /* MimeType.swift */; };
		7E0C19E92166C67D00494FCF /* ServiceTaskBuilding+Body.swift in Sources */ = {isa = PBXBuildFile; fileRef = 7E0C19E82166C67D00494FCF /* ServiceTaskBuilding+Body.swift */; };
		7E314CF721628FBE0007DAFE /* ServiceTask.swift in Sources */ = {isa = PBXBuildFile; fileRef = 7EBE412F215E6F7A006C882C /* ServiceTask.swift */; };
		7E9818DD216D1A9400B6C78C /* FormDataPart.swift in Sources */ = {isa = PBXBuildFile; fileRef = 7E9818DC216D1A9400B6C78C /* FormDataPart.swift */; };
		7EA7250E2170AE9B008E52CA /* DataContentHandler.swift in Sources */ = {isa = PBXBuildFile; fileRef = 7EA7250D2170AE9B008E52CA /* DataContentHandler.swift */; };
		7EA72526217C1F2D008E52CA /* Reachability.swift in Sources */ = {isa = PBXBuildFile; fileRef = 7EA72525217C1F2D008E52CA /* Reachability.swift */; };
		7EBE411F215E6F71006C882C /* Forest.framework in Frameworks */ = {isa = PBXBuildFile; fileRef = 7EBE4115215E6F71006C882C /* Forest.framework */; };
		7EBE4124215E6F71006C882C /* ServiceTaskTests.swift in Sources */ = {isa = PBXBuildFile; fileRef = 7EBE4123215E6F71006C882C /* ServiceTaskTests.swift */; };
		7EBE4126215E6F71006C882C /* Forest.h in Headers */ = {isa = PBXBuildFile; fileRef = 7EBE4118215E6F71006C882C /* Forest.h */; settings = {ATTRIBUTES = (Public, ); }; };
		7EBE4136215E715D006C882C /* ServiceTaskBuilding+Request.swift in Sources */ = {isa = PBXBuildFile; fileRef = 7EBE4135215E715D006C882C /* ServiceTaskBuilding+Request.swift */; };
		7EBE414A215F1A64006C882C /* ServiceTaskBuilding+Response.swift in Sources */ = {isa = PBXBuildFile; fileRef = 7EBE4149215F1A64006C882C /* ServiceTaskBuilding+Response.swift */; };
		7ED7A56E215FFCFA007657ED /* ProtobufContentHandler.swift in Sources */ = {isa = PBXBuildFile; fileRef = 7ED7A56D215FFCFA007657ED /* ProtobufContentHandler.swift */; };
		7ED7A57221600D1A007657ED /* JSONContentHandler.swift in Sources */ = {isa = PBXBuildFile; fileRef = 7ED7A57121600D1A007657ED /* JSONContentHandler.swift */; };
		7ED7A57421601180007657ED /* ServiceTaskResponseHandling.swift in Sources */ = {isa = PBXBuildFile; fileRef = 7ED7A57321601180007657ED /* ServiceTaskResponseHandling.swift */; };
		7ED7A57A2160185D007657ED /* URLEncodedContentHandler.swift in Sources */ = {isa = PBXBuildFile; fileRef = 7ED7A5792160185D007657ED /* URLEncodedContentHandler.swift */; };
		7ED7A57C21601AC1007657ED /* URLEncodedSerialization.swift in Sources */ = {isa = PBXBuildFile; fileRef = 7ED7A57B21601AC1007657ED /* URLEncodedSerialization.swift */; };
		7ED7A58121608F8B007657ED /* TextContentHandler.swift in Sources */ = {isa = PBXBuildFile; fileRef = 7ED7A58021608F8B007657ED /* TextContentHandler.swift */; };
		7EE281F42161FE2A00019EE5 /* ServiceTaskError.swift in Sources */ = {isa = PBXBuildFile; fileRef = 7EE281F32161FE2A00019EE5 /* ServiceTaskError.swift */; };
		7EEA1110216EF519005E398F /* ServiceTaskBuilding.swift in Sources */ = {isa = PBXBuildFile; fileRef = 7EEA110F216EF519005E398F /* ServiceTaskBuilding.swift */; };
		7EEA1112216EF80A005E398F /* HTTPMethod.swift in Sources */ = {isa = PBXBuildFile; fileRef = 7EEA1111216EF80A005E398F /* HTTPMethod.swift */; };
		7EEA1114216EF849005E398F /* ServiceTaskAction.swift in Sources */ = {isa = PBXBuildFile; fileRef = 7EEA1113216EF849005E398F /* ServiceTaskAction.swift */; };
		7EEA1116216EF865005E398F /* ServiceTaskContent.swift in Sources */ = {isa = PBXBuildFile; fileRef = 7EEA1115216EF865005E398F /* ServiceTaskContent.swift */; };
		7EEA111F216F03CE005E398F /* BlockErrorHandler.swift in Sources */ = {isa = PBXBuildFile; fileRef = 7EEA111E216F03CE005E398F /* BlockErrorHandler.swift */; };
		7EECC27A2160AAE1008845F4 /* ServiceTaskErrorHandling.swift in Sources */ = {isa = PBXBuildFile; fileRef = 7EECC2792160AAE1008845F4 /* ServiceTaskErrorHandling.swift */; };
		7EECC28B21610809008845F4 /* ServiceTaskBuilding+Protobuf.swift in Sources */ = {isa = PBXBuildFile; fileRef = 7EECC28A21610809008845F4 /* ServiceTaskBuilding+Protobuf.swift */; };
		7EECC2932161326E008845F4 /* DecodableContentHandler.swift in Sources */ = {isa = PBXBuildFile; fileRef = 7EECC2922161326E008845F4 /* DecodableContentHandler.swift */; };
		7EF23B2822A37E86003D5398 /* BlockCancelationHandler.swift in Sources */ = {isa = PBXBuildFile; fileRef = 7EF23B2722A37E86003D5398 /* BlockCancelationHandler.swift */; };
		7EF23B2A22A37EA9003D5398 /* ServiceTaskCancelationHandler.swift in Sources */ = {isa = PBXBuildFile; fileRef = 7EF23B2922A37EA9003D5398 /* ServiceTaskCancelationHandler.swift */; };
		83F514C89CF86075E6F2E1B4 /* Pods_All_Targets_Forest.framework in Frameworks */ = {isa = PBXBuildFile; fileRef = 3EE1CC875AF9B1D107DA72CE /* Pods_All_Targets_Forest.framework */; };
		AA045AC121675BC400BD92D4 /* ServiceTaskRetrofitting.swift in Sources */ = {isa = PBXBuildFile; fileRef = AA045AC021675BC400BD92D4 /* ServiceTaskRetrofitting.swift */; };
		AA045AC32167673600BD92D4 /* ServiceTaskRetrofitterTests.swift in Sources */ = {isa = PBXBuildFile; fileRef = AA045AC22167673600BD92D4 /* ServiceTaskRetrofitterTests.swift */; };
		AA38AB7121639AEB00EC8750 /* URLSerializationTests.swift in Sources */ = {isa = PBXBuildFile; fileRef = 7E314CF121625EC80007DAFE /* URLSerializationTests.swift */; };
		AA6418E42175C04E0021BC2F /* ResponseHandlerTests.swift in Sources */ = {isa = PBXBuildFile; fileRef = AA6418E32175C04E0021BC2F /* ResponseHandlerTests.swift */; };
		AA641913217C764E0021BC2F /* ReachabilityTests.swift in Sources */ = {isa = PBXBuildFile; fileRef = AA641912217C764E0021BC2F /* ReachabilityTests.swift */; };
		AA8516FE216C91EB00152A8C /* FormDataBuilder.swift in Sources */ = {isa = PBXBuildFile; fileRef = AA8516FD216C91EB00152A8C /* FormDataBuilder.swift */; };
		AAA198A6216E6666000E5D55 /* FormDataError.swift in Sources */ = {isa = PBXBuildFile; fileRef = AAA198A5216E6666000E5D55 /* FormDataError.swift */; };
		AAA198AA216E788C000E5D55 /* FormDataChunk.swift in Sources */ = {isa = PBXBuildFile; fileRef = AAA198A9216E788B000E5D55 /* FormDataChunk.swift */; };
		AAD56CAC216397A10086CC50 /* BlockResponseHandler.swift in Sources */ = {isa = PBXBuildFile; fileRef = AAD56CAB216397A10086CC50 /* BlockResponseHandler.swift */; };
		AAD8BF032180853F00A54949 /* ServiceTaskConfigurable.swift in Sources */ = {isa = PBXBuildFile; fileRef = AAD8BF022180853F00A54949 /* ServiceTaskConfigurable.swift */; };
		AAD8BF05218085A200A54949 /* ServiceTaskPerformable.swift in Sources */ = {isa = PBXBuildFile; fileRef = AAD8BF04218085A200A54949 /* ServiceTaskPerformable.swift */; };
		AAF5EB19217F0B40002F9EF4 /* ServiceTaskActionTests.swift in Sources */ = {isa = PBXBuildFile; fileRef = AAF5EB18217F0B40002F9EF4 /* ServiceTaskActionTests.swift */; };
		AAFD2B0222B803CB00B04E89 /* ServiceTaskPerformable+Actions.swift in Sources */ = {isa = PBXBuildFile; fileRef = AAFD2B0122B803CB00B04E89 /* ServiceTaskPerformable+Actions.swift */; };
		C25CD3E7645598E825A2BE73 /* Pods_All_Targets_ForestTests.framework in Frameworks */ = {isa = PBXBuildFile; fileRef = AE155E5BBD083C76A8AFD0B1 /* Pods_All_Targets_ForestTests.framework */; };
/* End PBXBuildFile section */

/* Begin PBXContainerItemProxy section */
		7EBE4120215E6F71006C882C /* PBXContainerItemProxy */ = {
			isa = PBXContainerItemProxy;
			containerPortal = 7EBE410C215E6F71006C882C /* Project object */;
			proxyType = 1;
			remoteGlobalIDString = 7EBE4114215E6F71006C882C;
			remoteInfo = Condulet;
		};
/* End PBXContainerItemProxy section */

/* Begin PBXFileReference section */
		3EE1CC875AF9B1D107DA72CE /* Pods_All_Targets_Forest.framework */ = {isa = PBXFileReference; explicitFileType = wrapper.framework; includeInIndex = 0; path = Pods_All_Targets_Forest.framework; sourceTree = BUILT_PRODUCTS_DIR; };
		4BC0A78C6B91506E2F170B41 /* Pods-All Targets-Forest.debug.xcconfig */ = {isa = PBXFileReference; includeInIndex = 1; lastKnownFileType = text.xcconfig; name = "Pods-All Targets-Forest.debug.xcconfig"; path = "Pods/Target Support Files/Pods-All Targets-Forest/Pods-All Targets-Forest.debug.xcconfig"; sourceTree = "<group>"; };
		57BF83BE1B0914C67BE36050 /* Pods-All Targets-ForestTests.release.xcconfig */ = {isa = PBXFileReference; includeInIndex = 1; lastKnownFileType = text.xcconfig; name = "Pods-All Targets-ForestTests.release.xcconfig"; path = "Pods/Target Support Files/Pods-All Targets-ForestTests/Pods-All Targets-ForestTests.release.xcconfig"; sourceTree = "<group>"; };
		6738B592F20C89DCD71F7EB5 /* Pods-All Targets-Forest.release.xcconfig */ = {isa = PBXFileReference; includeInIndex = 1; lastKnownFileType = text.xcconfig; name = "Pods-All Targets-Forest.release.xcconfig"; path = "Pods/Target Support Files/Pods-All Targets-Forest/Pods-All Targets-Forest.release.xcconfig"; sourceTree = "<group>"; };
		7E06C83321672593008E4AC6 /* MimeType.swift */ = {isa = PBXFileReference; lastKnownFileType = sourcecode.swift; path = MimeType.swift; sourceTree = "<group>"; };
		7E06C83721672998008E4AC6 /* CoreServices.framework */ = {isa = PBXFileReference; lastKnownFileType = wrapper.framework; name = CoreServices.framework; path = System/Library/Frameworks/CoreServices.framework; sourceTree = SDKROOT; };
		7E0C19E82166C67D00494FCF /* ServiceTaskBuilding+Body.swift */ = {isa = PBXFileReference; lastKnownFileType = sourcecode.swift; path = "ServiceTaskBuilding+Body.swift"; sourceTree = "<group>"; };
		7E314CF0216255E60007DAFE /* LICENSE */ = {isa = PBXFileReference; lastKnownFileType = text; path = LICENSE; sourceTree = SOURCE_ROOT; };
		7E314CF121625EC80007DAFE /* URLSerializationTests.swift */ = {isa = PBXFileReference; lastKnownFileType = sourcecode.swift; path = URLSerializationTests.swift; sourceTree = "<group>"; };
		7E8D98B3216736EC002D5F73 /* MobileCoreServices.framework */ = {isa = PBXFileReference; lastKnownFileType = wrapper.framework; name = MobileCoreServices.framework; path = System/Library/Frameworks/MobileCoreServices.framework; sourceTree = SDKROOT; };
		7E9818DC216D1A9400B6C78C /* FormDataPart.swift */ = {isa = PBXFileReference; lastKnownFileType = sourcecode.swift; path = FormDataPart.swift; sourceTree = "<group>"; };
		7EA7250D2170AE9B008E52CA /* DataContentHandler.swift */ = {isa = PBXFileReference; lastKnownFileType = sourcecode.swift; path = DataContentHandler.swift; sourceTree = "<group>"; };
		7EA72525217C1F2D008E52CA /* Reachability.swift */ = {isa = PBXFileReference; lastKnownFileType = sourcecode.swift; path = Reachability.swift; sourceTree = "<group>"; };
		7EB7F38D22EB5D85008D69C8 /* Package.swift */ = {isa = PBXFileReference; fileEncoding = 4; lastKnownFileType = sourcecode.swift; path = Package.swift; sourceTree = SOURCE_ROOT; };
		7EBE4115215E6F71006C882C /* Forest.framework */ = {isa = PBXFileReference; explicitFileType = wrapper.framework; includeInIndex = 0; path = Forest.framework; sourceTree = BUILT_PRODUCTS_DIR; };
		7EBE4118215E6F71006C882C /* Forest.h */ = {isa = PBXFileReference; lastKnownFileType = sourcecode.c.h; path = Forest.h; sourceTree = "<group>"; };
		7EBE4119215E6F71006C882C /* Info.plist */ = {isa = PBXFileReference; lastKnownFileType = text.plist.xml; path = Info.plist; sourceTree = "<group>"; };
		7EBE411E215E6F71006C882C /* ForestTests.xctest */ = {isa = PBXFileReference; explicitFileType = wrapper.cfbundle; includeInIndex = 0; path = ForestTests.xctest; sourceTree = BUILT_PRODUCTS_DIR; };
		7EBE4123215E6F71006C882C /* ServiceTaskTests.swift */ = {isa = PBXFileReference; lastKnownFileType = sourcecode.swift; path = ServiceTaskTests.swift; sourceTree = "<group>"; };
		7EBE4125215E6F71006C882C /* Info.plist */ = {isa = PBXFileReference; lastKnownFileType = text.plist.xml; path = Info.plist; sourceTree = "<group>"; };
		7EBE412F215E6F7A006C882C /* ServiceTask.swift */ = {isa = PBXFileReference; fileEncoding = 4; lastKnownFileType = sourcecode.swift; path = ServiceTask.swift; sourceTree = "<group>"; };
		7EBE4135215E715D006C882C /* ServiceTaskBuilding+Request.swift */ = {isa = PBXFileReference; lastKnownFileType = sourcecode.swift; path = "ServiceTaskBuilding+Request.swift"; sourceTree = "<group>"; };
		7EBE4149215F1A64006C882C /* ServiceTaskBuilding+Response.swift */ = {isa = PBXFileReference; lastKnownFileType = sourcecode.swift; path = "ServiceTaskBuilding+Response.swift"; sourceTree = "<group>"; };
		7ED7A565215FDE6C007657ED /* Forest.podspec */ = {isa = PBXFileReference; fileEncoding = 4; lastKnownFileType = text; path = Forest.podspec; sourceTree = SOURCE_ROOT; xcLanguageSpecificationIdentifier = xcode.lang.ruby; };
		7ED7A56C215FECEE007657ED /* README.md */ = {isa = PBXFileReference; lastKnownFileType = net.daringfireball.markdown; path = README.md; sourceTree = SOURCE_ROOT; };
		7ED7A56D215FFCFA007657ED /* ProtobufContentHandler.swift */ = {isa = PBXFileReference; lastKnownFileType = sourcecode.swift; path = ProtobufContentHandler.swift; sourceTree = "<group>"; };
		7ED7A57121600D1A007657ED /* JSONContentHandler.swift */ = {isa = PBXFileReference; lastKnownFileType = sourcecode.swift; path = JSONContentHandler.swift; sourceTree = "<group>"; };
		7ED7A57321601180007657ED /* ServiceTaskResponseHandling.swift */ = {isa = PBXFileReference; lastKnownFileType = sourcecode.swift; path = ServiceTaskResponseHandling.swift; sourceTree = "<group>"; };
		7ED7A5792160185D007657ED /* URLEncodedContentHandler.swift */ = {isa = PBXFileReference; lastKnownFileType = sourcecode.swift; path = URLEncodedContentHandler.swift; sourceTree = "<group>"; };
		7ED7A57B21601AC1007657ED /* URLEncodedSerialization.swift */ = {isa = PBXFileReference; lastKnownFileType = sourcecode.swift; path = URLEncodedSerialization.swift; sourceTree = "<group>"; };
		7ED7A58021608F8B007657ED /* TextContentHandler.swift */ = {isa = PBXFileReference; lastKnownFileType = sourcecode.swift; path = TextContentHandler.swift; sourceTree = "<group>"; };
		7EE281F32161FE2A00019EE5 /* ServiceTaskError.swift */ = {isa = PBXFileReference; lastKnownFileType = sourcecode.swift; path = ServiceTaskError.swift; sourceTree = "<group>"; };
		7EEA110F216EF519005E398F /* ServiceTaskBuilding.swift */ = {isa = PBXFileReference; lastKnownFileType = sourcecode.swift; path = ServiceTaskBuilding.swift; sourceTree = "<group>"; };
		7EEA1111216EF80A005E398F /* HTTPMethod.swift */ = {isa = PBXFileReference; lastKnownFileType = sourcecode.swift; path = HTTPMethod.swift; sourceTree = "<group>"; };
		7EEA1113216EF849005E398F /* ServiceTaskAction.swift */ = {isa = PBXFileReference; lastKnownFileType = sourcecode.swift; path = ServiceTaskAction.swift; sourceTree = "<group>"; };
		7EEA1115216EF865005E398F /* ServiceTaskContent.swift */ = {isa = PBXFileReference; lastKnownFileType = sourcecode.swift; path = ServiceTaskContent.swift; sourceTree = "<group>"; };
		7EEA111E216F03CE005E398F /* BlockErrorHandler.swift */ = {isa = PBXFileReference; lastKnownFileType = sourcecode.swift; path = BlockErrorHandler.swift; sourceTree = "<group>"; };
		7EECC2792160AAE1008845F4 /* ServiceTaskErrorHandling.swift */ = {isa = PBXFileReference; lastKnownFileType = sourcecode.swift; path = ServiceTaskErrorHandling.swift; sourceTree = "<group>"; };
		7EECC28A21610809008845F4 /* ServiceTaskBuilding+Protobuf.swift */ = {isa = PBXFileReference; lastKnownFileType = sourcecode.swift; path = "ServiceTaskBuilding+Protobuf.swift"; sourceTree = "<group>"; };
		7EECC2922161326E008845F4 /* DecodableContentHandler.swift */ = {isa = PBXFileReference; lastKnownFileType = sourcecode.swift; path = DecodableContentHandler.swift; sourceTree = "<group>"; };
		7EF23B2722A37E86003D5398 /* BlockCancelationHandler.swift */ = {isa = PBXFileReference; lastKnownFileType = sourcecode.swift; path = BlockCancelationHandler.swift; sourceTree = "<group>"; };
		7EF23B2922A37EA9003D5398 /* ServiceTaskCancelationHandler.swift */ = {isa = PBXFileReference; lastKnownFileType = sourcecode.swift; path = ServiceTaskCancelationHandler.swift; sourceTree = "<group>"; };
		AA045AC021675BC400BD92D4 /* ServiceTaskRetrofitting.swift */ = {isa = PBXFileReference; lastKnownFileType = sourcecode.swift; path = ServiceTaskRetrofitting.swift; sourceTree = "<group>"; };
		AA045AC22167673600BD92D4 /* ServiceTaskRetrofitterTests.swift */ = {isa = PBXFileReference; lastKnownFileType = sourcecode.swift; path = ServiceTaskRetrofitterTests.swift; sourceTree = "<group>"; };
		AA6418E32175C04E0021BC2F /* ResponseHandlerTests.swift */ = {isa = PBXFileReference; lastKnownFileType = sourcecode.swift; path = ResponseHandlerTests.swift; sourceTree = "<group>"; };
		AA641912217C764E0021BC2F /* ReachabilityTests.swift */ = {isa = PBXFileReference; lastKnownFileType = sourcecode.swift; path = ReachabilityTests.swift; sourceTree = "<group>"; };
		AA8415402369ADF0000D2925 /* CoreServices.framework */ = {isa = PBXFileReference; lastKnownFileType = wrapper.framework; name = CoreServices.framework; path = Platforms/MacOSX.platform/Developer/SDKs/MacOSX10.15.sdk/System/Library/Frameworks/CoreServices.framework; sourceTree = DEVELOPER_DIR; };
		AA8415422369AF99000D2925 /* SystemConfiguration.framework */ = {isa = PBXFileReference; lastKnownFileType = wrapper.framework; name = SystemConfiguration.framework; path = Platforms/MacOSX.platform/Developer/SDKs/MacOSX10.15.sdk/System/Library/Frameworks/SystemConfiguration.framework; sourceTree = DEVELOPER_DIR; };
		AA8516FD216C91EB00152A8C /* FormDataBuilder.swift */ = {isa = PBXFileReference; lastKnownFileType = sourcecode.swift; path = FormDataBuilder.swift; sourceTree = "<group>"; };
		AAA198A5216E6666000E5D55 /* FormDataError.swift */ = {isa = PBXFileReference; lastKnownFileType = sourcecode.swift; path = FormDataError.swift; sourceTree = "<group>"; };
		AAA198A9216E788B000E5D55 /* FormDataChunk.swift */ = {isa = PBXFileReference; fileEncoding = 4; lastKnownFileType = sourcecode.swift; path = FormDataChunk.swift; sourceTree = "<group>"; };
		AAD56CAB216397A10086CC50 /* BlockResponseHandler.swift */ = {isa = PBXFileReference; lastKnownFileType = sourcecode.swift; path = BlockResponseHandler.swift; sourceTree = "<group>"; };
		AAD8BF022180853F00A54949 /* ServiceTaskConfigurable.swift */ = {isa = PBXFileReference; lastKnownFileType = sourcecode.swift; path = ServiceTaskConfigurable.swift; sourceTree = "<group>"; };
		AAD8BF04218085A200A54949 /* ServiceTaskPerformable.swift */ = {isa = PBXFileReference; lastKnownFileType = sourcecode.swift; path = ServiceTaskPerformable.swift; sourceTree = "<group>"; };
		AAF5EB18217F0B40002F9EF4 /* ServiceTaskActionTests.swift */ = {isa = PBXFileReference; lastKnownFileType = sourcecode.swift; path = ServiceTaskActionTests.swift; sourceTree = "<group>"; };
		AAFD2B0122B803CB00B04E89 /* ServiceTaskPerformable+Actions.swift */ = {isa = PBXFileReference; lastKnownFileType = sourcecode.swift; path = "ServiceTaskPerformable+Actions.swift"; sourceTree = "<group>"; };
		AE155E5BBD083C76A8AFD0B1 /* Pods_All_Targets_ForestTests.framework */ = {isa = PBXFileReference; explicitFileType = wrapper.framework; includeInIndex = 0; path = Pods_All_Targets_ForestTests.framework; sourceTree = BUILT_PRODUCTS_DIR; };
		F42E9468AAFDFB5E8207CE71 /* Pods-All Targets-ForestTests.debug.xcconfig */ = {isa = PBXFileReference; includeInIndex = 1; lastKnownFileType = text.xcconfig; name = "Pods-All Targets-ForestTests.debug.xcconfig"; path = "Pods/Target Support Files/Pods-All Targets-ForestTests/Pods-All Targets-ForestTests.debug.xcconfig"; sourceTree = "<group>"; };
/* End PBXFileReference section */

/* Begin PBXFrameworksBuildPhase section */
		7EBE4112215E6F71006C882C /* Frameworks */ = {
			isa = PBXFrameworksBuildPhase;
			buildActionMask = 2147483647;
			files = (
				2FF604E3236C0D55008BA3A0 /* CoreServices.framework in Frameworks */,
				83F514C89CF86075E6F2E1B4 /* Pods_All_Targets_Forest.framework in Frameworks */,
			);
			runOnlyForDeploymentPostprocessing = 0;
		};
		7EBE411B215E6F71006C882C /* Frameworks */ = {
			isa = PBXFrameworksBuildPhase;
			buildActionMask = 2147483647;
			files = (
				7EBE411F215E6F71006C882C /* Forest.framework in Frameworks */,
				C25CD3E7645598E825A2BE73 /* Pods_All_Targets_ForestTests.framework in Frameworks */,
			);
			runOnlyForDeploymentPostprocessing = 0;
		};
/* End PBXFrameworksBuildPhase section */

/* Begin PBXGroup section */
		7E9818DE216D1AF700B6C78C /* FormData */ = {
			isa = PBXGroup;
			children = (
				AAA198A5216E6666000E5D55 /* FormDataError.swift */,
				AA8516FD216C91EB00152A8C /* FormDataBuilder.swift */,
				7E9818DC216D1A9400B6C78C /* FormDataPart.swift */,
				AAA198A9216E788B000E5D55 /* FormDataChunk.swift */,
			);
			name = FormData;
			sourceTree = "<group>";
		};
		7EA72524217C1F1A008E52CA /* Reachability */ = {
			isa = PBXGroup;
			children = (
				7EA72525217C1F2D008E52CA /* Reachability.swift */,
			);
			path = Reachability;
			sourceTree = "<group>";
		};
		7EBE410B215E6F71006C882C = {
			isa = PBXGroup;
			children = (
				7EBE4117215E6F71006C882C /* Forest */,
				7EBE4122215E6F71006C882C /* ForestTests */,
				7EBE4116215E6F71006C882C /* Products */,
				DE17114DBC74199C9DD768F5 /* Pods */,
				ECC77A42B8995F7F68D1ECD1 /* Frameworks */,
			);
			sourceTree = "<group>";
		};
		7EBE4116215E6F71006C882C /* Products */ = {
			isa = PBXGroup;
			children = (
				7EBE4115215E6F71006C882C /* Forest.framework */,
				7EBE411E215E6F71006C882C /* ForestTests.xctest */,
			);
			name = Products;
			sourceTree = "<group>";
		};
		7EBE4117215E6F71006C882C /* Forest */ = {
			isa = PBXGroup;
			children = (
				7ED7A567215FDEE4007657ED /* Core */,
				7ED7A568215FDF2F007657ED /* Protobuf */,
				7EA72524217C1F1A008E52CA /* Reachability */,
				7EBE4118215E6F71006C882C /* Forest.h */,
				7EBE4119215E6F71006C882C /* Info.plist */,
				7ED7A565215FDE6C007657ED /* Forest.podspec */,
				7EB7F38D22EB5D85008D69C8 /* Package.swift */,
				7E314CF0216255E60007DAFE /* LICENSE */,
				7ED7A56C215FECEE007657ED /* README.md */,
			);
			path = Forest;
			sourceTree = "<group>";
		};
		7EBE4122215E6F71006C882C /* ForestTests */ = {
			isa = PBXGroup;
			children = (
				7E314CF121625EC80007DAFE /* URLSerializationTests.swift */,
				7EBE4123215E6F71006C882C /* ServiceTaskTests.swift */,
				AAF5EB18217F0B40002F9EF4 /* ServiceTaskActionTests.swift */,
				AA045AC22167673600BD92D4 /* ServiceTaskRetrofitterTests.swift */,
				AA6418E32175C04E0021BC2F /* ResponseHandlerTests.swift */,
				AA641912217C764E0021BC2F /* ReachabilityTests.swift */,
				7EBE4125215E6F71006C882C /* Info.plist */,
			);
			path = ForestTests;
			sourceTree = "<group>";
		};
		7ED7A567215FDEE4007657ED /* Core */ = {
			isa = PBXGroup;
			children = (
				7EECC27D2160BEAA008845F4 /* Common */,
				7E9818DE216D1AF700B6C78C /* FormData */,
				7EECC29621614B7A008845F4 /* Handlers */,
				7EE281EB2161FAD800019EE5 /* ServiceTask */,
				7EEA111B216F02AD005E398F /* ServiceTaskBuilding */,
			);
			path = Core;
			sourceTree = "<group>";
		};
		7ED7A568215FDF2F007657ED /* Protobuf */ = {
			isa = PBXGroup;
			children = (
				7EE281F02161FB2600019EE5 /* Handlers */,
				7EE281F22161FB4600019EE5 /* ServiceTaskBuilding */,
			);
			path = Protobuf;
			sourceTree = "<group>";
		};
		7EE281EB2161FAD800019EE5 /* ServiceTask */ = {
			isa = PBXGroup;
			children = (
				7EF23B2922A37EA9003D5398 /* ServiceTaskCancelationHandler.swift */,
				7ED7A57321601180007657ED /* ServiceTaskResponseHandling.swift */,
				7EECC2792160AAE1008845F4 /* ServiceTaskErrorHandling.swift */,
				AAD8BF022180853F00A54949 /* ServiceTaskConfigurable.swift */,
				AAD8BF04218085A200A54949 /* ServiceTaskPerformable.swift */,
				AAFD2B0122B803CB00B04E89 /* ServiceTaskPerformable+Actions.swift */,
				AA045AC021675BC400BD92D4 /* ServiceTaskRetrofitting.swift */,
				7EE281F32161FE2A00019EE5 /* ServiceTaskError.swift */,
				7EEA1113216EF849005E398F /* ServiceTaskAction.swift */,
				7EEA1115216EF865005E398F /* ServiceTaskContent.swift */,
				7EBE412F215E6F7A006C882C /* ServiceTask.swift */,
			);
			name = ServiceTask;
			sourceTree = "<group>";
		};
		7EE281F02161FB2600019EE5 /* Handlers */ = {
			isa = PBXGroup;
			children = (
				7ED7A56D215FFCFA007657ED /* ProtobufContentHandler.swift */,
			);
			name = Handlers;
			sourceTree = "<group>";
		};
		7EE281F22161FB4600019EE5 /* ServiceTaskBuilding */ = {
			isa = PBXGroup;
			children = (
				7EECC28A21610809008845F4 /* ServiceTaskBuilding+Protobuf.swift */,
			);
			name = ServiceTaskBuilding;
			sourceTree = "<group>";
		};
		7EEA111B216F02AD005E398F /* ServiceTaskBuilding */ = {
			isa = PBXGroup;
			children = (
				7EEA110F216EF519005E398F /* ServiceTaskBuilding.swift */,
				7EBE4135215E715D006C882C /* ServiceTaskBuilding+Request.swift */,
				7E0C19E82166C67D00494FCF /* ServiceTaskBuilding+Body.swift */,
				7EBE4149215F1A64006C882C /* ServiceTaskBuilding+Response.swift */,
			);
			name = ServiceTaskBuilding;
			sourceTree = "<group>";
		};
		7EECC27D2160BEAA008845F4 /* Common */ = {
			isa = PBXGroup;
			children = (
				7E06C83321672593008E4AC6 /* MimeType.swift */,
				7EEA1111216EF80A005E398F /* HTTPMethod.swift */,
				7ED7A57B21601AC1007657ED /* URLEncodedSerialization.swift */,
			);
			name = Common;
			sourceTree = "<group>";
		};
		7EECC29621614B7A008845F4 /* Handlers */ = {
			isa = PBXGroup;
			children = (
				7EEA111E216F03CE005E398F /* BlockErrorHandler.swift */,
				AAD56CAB216397A10086CC50 /* BlockResponseHandler.swift */,
				7EF23B2722A37E86003D5398 /* BlockCancelationHandler.swift */,
				7EA7250D2170AE9B008E52CA /* DataContentHandler.swift */,
				7ED7A58021608F8B007657ED /* TextContentHandler.swift */,
				7ED7A57121600D1A007657ED /* JSONContentHandler.swift */,
				7ED7A5792160185D007657ED /* URLEncodedContentHandler.swift */,
				7EECC2922161326E008845F4 /* DecodableContentHandler.swift */,
			);
			name = Handlers;
			sourceTree = "<group>";
		};
		DE17114DBC74199C9DD768F5 /* Pods */ = {
			isa = PBXGroup;
			children = (
				4BC0A78C6B91506E2F170B41 /* Pods-All Targets-Forest.debug.xcconfig */,
				6738B592F20C89DCD71F7EB5 /* Pods-All Targets-Forest.release.xcconfig */,
				F42E9468AAFDFB5E8207CE71 /* Pods-All Targets-ForestTests.debug.xcconfig */,
				57BF83BE1B0914C67BE36050 /* Pods-All Targets-ForestTests.release.xcconfig */,
			);
			name = Pods;
			sourceTree = "<group>";
		};
		ECC77A42B8995F7F68D1ECD1 /* Frameworks */ = {
			isa = PBXGroup;
			children = (
				AA8415422369AF99000D2925 /* SystemConfiguration.framework */,
				AA8415402369ADF0000D2925 /* CoreServices.framework */,
				7E8D98B3216736EC002D5F73 /* MobileCoreServices.framework */,
				7E06C83721672998008E4AC6 /* CoreServices.framework */,
				3EE1CC875AF9B1D107DA72CE /* Pods_All_Targets_Forest.framework */,
				AE155E5BBD083C76A8AFD0B1 /* Pods_All_Targets_ForestTests.framework */,
			);
			name = Frameworks;
			sourceTree = "<group>";
		};
/* End PBXGroup section */

/* Begin PBXHeadersBuildPhase section */
		7EBE4110215E6F71006C882C /* Headers */ = {
			isa = PBXHeadersBuildPhase;
			buildActionMask = 2147483647;
			files = (
				7EBE4126215E6F71006C882C /* Forest.h in Headers */,
			);
			runOnlyForDeploymentPostprocessing = 0;
		};
/* End PBXHeadersBuildPhase section */

/* Begin PBXNativeTarget section */
		7EBE4114215E6F71006C882C /* Forest */ = {
			isa = PBXNativeTarget;
			buildConfigurationList = 7EBE4129215E6F71006C882C /* Build configuration list for PBXNativeTarget "Forest" */;
			buildPhases = (
				5A2842151AA8C0E7B1675308 /* [CP] Check Pods Manifest.lock */,
				7EBE4110215E6F71006C882C /* Headers */,
				7EBE4111215E6F71006C882C /* Sources */,
				7EBE4112215E6F71006C882C /* Frameworks */,
				7EBE4113215E6F71006C882C /* Resources */,
			);
			buildRules = (
			);
			dependencies = (
			);
			name = Forest;
			productName = Condulet;
			productReference = 7EBE4115215E6F71006C882C /* Forest.framework */;
			productType = "com.apple.product-type.framework";
		};
		7EBE411D215E6F71006C882C /* ForestTests */ = {
			isa = PBXNativeTarget;
			buildConfigurationList = 7EBE412C215E6F71006C882C /* Build configuration list for PBXNativeTarget "ForestTests" */;
			buildPhases = (
				F6F8410606BCAD020EE1A82C /* [CP] Check Pods Manifest.lock */,
				7EBE411A215E6F71006C882C /* Sources */,
				7EBE411B215E6F71006C882C /* Frameworks */,
				7EBE411C215E6F71006C882C /* Resources */,
				DE7A6DF0E39C4111902CC5CF /* [CP] Embed Pods Frameworks */,
			);
			buildRules = (
			);
			dependencies = (
				7EBE4121215E6F71006C882C /* PBXTargetDependency */,
			);
			name = ForestTests;
			productName = ConduletTests;
			productReference = 7EBE411E215E6F71006C882C /* ForestTests.xctest */;
			productType = "com.apple.product-type.bundle.unit-test";
		};
/* End PBXNativeTarget section */

/* Begin PBXProject section */
		7EBE410C215E6F71006C882C /* Project object */ = {
			isa = PBXProject;
			attributes = {
				LastSwiftUpdateCheck = 1030;
				LastUpgradeCheck = 1000;
				ORGANIZATIONNAME = "Natan Zalkin";
				TargetAttributes = {
					7EBE4114215E6F71006C882C = {
						CreatedOnToolsVersion = 10.0;
						LastSwiftMigration = 1000;
					};
					7EBE411D215E6F71006C882C = {
						CreatedOnToolsVersion = 10.0;
						LastSwiftMigration = 1020;
					};
				};
			};
			buildConfigurationList = 7EBE410F215E6F71006C882C /* Build configuration list for PBXProject "Forest" */;
			compatibilityVersion = "Xcode 9.3";
			developmentRegion = en;
			hasScannedForEncodings = 0;
			knownRegions = (
				en,
				Base,
			);
			mainGroup = 7EBE410B215E6F71006C882C;
			productRefGroup = 7EBE4116215E6F71006C882C /* Products */;
			projectDirPath = "";
			projectRoot = "";
			targets = (
				7EBE4114215E6F71006C882C /* Forest */,
				7EBE411D215E6F71006C882C /* ForestTests */,
			);
		};
/* End PBXProject section */

/* Begin PBXResourcesBuildPhase section */
		7EBE4113215E6F71006C882C /* Resources */ = {
			isa = PBXResourcesBuildPhase;
			buildActionMask = 2147483647;
			files = (
			);
			runOnlyForDeploymentPostprocessing = 0;
		};
		7EBE411C215E6F71006C882C /* Resources */ = {
			isa = PBXResourcesBuildPhase;
			buildActionMask = 2147483647;
			files = (
			);
			runOnlyForDeploymentPostprocessing = 0;
		};
/* End PBXResourcesBuildPhase section */

/* Begin PBXShellScriptBuildPhase section */
		5A2842151AA8C0E7B1675308 /* [CP] Check Pods Manifest.lock */ = {
			isa = PBXShellScriptBuildPhase;
			buildActionMask = 2147483647;
			files = (
			);
			inputFileListPaths = (
			);
			inputPaths = (
				"${PODS_PODFILE_DIR_PATH}/Podfile.lock",
				"${PODS_ROOT}/Manifest.lock",
			);
			name = "[CP] Check Pods Manifest.lock";
			outputFileListPaths = (
			);
			outputPaths = (
				"$(DERIVED_FILE_DIR)/Pods-All Targets-Forest-checkManifestLockResult.txt",
			);
			runOnlyForDeploymentPostprocessing = 0;
			shellPath = /bin/sh;
			shellScript = "diff \"${PODS_PODFILE_DIR_PATH}/Podfile.lock\" \"${PODS_ROOT}/Manifest.lock\" > /dev/null\nif [ $? != 0 ] ; then\n    # print error to STDERR\n    echo \"error: The sandbox is not in sync with the Podfile.lock. Run 'pod install' or update your CocoaPods installation.\" >&2\n    exit 1\nfi\n# This output is used by Xcode 'outputs' to avoid re-running this script phase.\necho \"SUCCESS\" > \"${SCRIPT_OUTPUT_FILE_0}\"\n";
			showEnvVarsInLog = 0;
		};
		DE7A6DF0E39C4111902CC5CF /* [CP] Embed Pods Frameworks */ = {
			isa = PBXShellScriptBuildPhase;
			buildActionMask = 2147483647;
			files = (
			);
			inputFileListPaths = (
				"${PODS_ROOT}/Target Support Files/Pods-All Targets-ForestTests/Pods-All Targets-ForestTests-frameworks-${CONFIGURATION}-input-files.xcfilelist",
			);
			name = "[CP] Embed Pods Frameworks";
			outputFileListPaths = (
				"${PODS_ROOT}/Target Support Files/Pods-All Targets-ForestTests/Pods-All Targets-ForestTests-frameworks-${CONFIGURATION}-output-files.xcfilelist",
			);
			runOnlyForDeploymentPostprocessing = 0;
			shellPath = /bin/sh;
			shellScript = "\"${PODS_ROOT}/Target Support Files/Pods-All Targets-ForestTests/Pods-All Targets-ForestTests-frameworks.sh\"\n";
			showEnvVarsInLog = 0;
		};
		F6F8410606BCAD020EE1A82C /* [CP] Check Pods Manifest.lock */ = {
			isa = PBXShellScriptBuildPhase;
			buildActionMask = 2147483647;
			files = (
			);
			inputFileListPaths = (
			);
			inputPaths = (
				"${PODS_PODFILE_DIR_PATH}/Podfile.lock",
				"${PODS_ROOT}/Manifest.lock",
			);
			name = "[CP] Check Pods Manifest.lock";
			outputFileListPaths = (
			);
			outputPaths = (
				"$(DERIVED_FILE_DIR)/Pods-All Targets-ForestTests-checkManifestLockResult.txt",
			);
			runOnlyForDeploymentPostprocessing = 0;
			shellPath = /bin/sh;
			shellScript = "diff \"${PODS_PODFILE_DIR_PATH}/Podfile.lock\" \"${PODS_ROOT}/Manifest.lock\" > /dev/null\nif [ $? != 0 ] ; then\n    # print error to STDERR\n    echo \"error: The sandbox is not in sync with the Podfile.lock. Run 'pod install' or update your CocoaPods installation.\" >&2\n    exit 1\nfi\n# This output is used by Xcode 'outputs' to avoid re-running this script phase.\necho \"SUCCESS\" > \"${SCRIPT_OUTPUT_FILE_0}\"\n";
			showEnvVarsInLog = 0;
		};
/* End PBXShellScriptBuildPhase section */

/* Begin PBXSourcesBuildPhase section */
		7EBE4111215E6F71006C882C /* Sources */ = {
			isa = PBXSourcesBuildPhase;
			buildActionMask = 2147483647;
			files = (
				7E314CF721628FBE0007DAFE /* ServiceTask.swift in Sources */,
				7E9818DD216D1A9400B6C78C /* FormDataPart.swift in Sources */,
				7EEA1114216EF849005E398F /* ServiceTaskAction.swift in Sources */,
				7ED7A57A2160185D007657ED /* URLEncodedContentHandler.swift in Sources */,
				7EEA1112216EF80A005E398F /* HTTPMethod.swift in Sources */,
				7EECC27A2160AAE1008845F4 /* ServiceTaskErrorHandling.swift in Sources */,
				7ED7A56E215FFCFA007657ED /* ProtobufContentHandler.swift in Sources */,
				7EF23B2A22A37EA9003D5398 /* ServiceTaskCancelationHandler.swift in Sources */,
				7EBE414A215F1A64006C882C /* ServiceTaskBuilding+Response.swift in Sources */,
				7EA72526217C1F2D008E52CA /* Reachability.swift in Sources */,
				7ED7A57C21601AC1007657ED /* URLEncodedSerialization.swift in Sources */,
				7EBE4136215E715D006C882C /* ServiceTaskBuilding+Request.swift in Sources */,
				AA8516FE216C91EB00152A8C /* FormDataBuilder.swift in Sources */,
				AAD8BF05218085A200A54949 /* ServiceTaskPerformable.swift in Sources */,
				AAD8BF032180853F00A54949 /* ServiceTaskConfigurable.swift in Sources */,
				7EEA1110216EF519005E398F /* ServiceTaskBuilding.swift in Sources */,
				7EECC2932161326E008845F4 /* DecodableContentHandler.swift in Sources */,
				7EEA111F216F03CE005E398F /* BlockErrorHandler.swift in Sources */,
				7ED7A58121608F8B007657ED /* TextContentHandler.swift in Sources */,
				7E06C83421672593008E4AC6 /* MimeType.swift in Sources */,
				7EEA1116216EF865005E398F /* ServiceTaskContent.swift in Sources */,
				AAD56CAC216397A10086CC50 /* BlockResponseHandler.swift in Sources */,
				AAFD2B0222B803CB00B04E89 /* ServiceTaskPerformable+Actions.swift in Sources */,
				AA045AC121675BC400BD92D4 /* ServiceTaskRetrofitting.swift in Sources */,
				7E0C19E92166C67D00494FCF /* ServiceTaskBuilding+Body.swift in Sources */,
				7ED7A57221600D1A007657ED /* JSONContentHandler.swift in Sources */,
				AAA198AA216E788C000E5D55 /* FormDataChunk.swift in Sources */,
				7EA7250E2170AE9B008E52CA /* DataContentHandler.swift in Sources */,
				7ED7A57421601180007657ED /* ServiceTaskResponseHandling.swift in Sources */,
				7EECC28B21610809008845F4 /* ServiceTaskBuilding+Protobuf.swift in Sources */,
				AAA198A6216E6666000E5D55 /* FormDataError.swift in Sources */,
				7EE281F42161FE2A00019EE5 /* ServiceTaskError.swift in Sources */,
				7EF23B2822A37E86003D5398 /* BlockCancelationHandler.swift in Sources */,
			);
			runOnlyForDeploymentPostprocessing = 0;
		};
		7EBE411A215E6F71006C882C /* Sources */ = {
			isa = PBXSourcesBuildPhase;
			buildActionMask = 2147483647;
			files = (
				AA045AC32167673600BD92D4 /* ServiceTaskRetrofitterTests.swift in Sources */,
				AA38AB7121639AEB00EC8750 /* URLSerializationTests.swift in Sources */,
				AA6418E42175C04E0021BC2F /* ResponseHandlerTests.swift in Sources */,
				AA641913217C764E0021BC2F /* ReachabilityTests.swift in Sources */,
				AAF5EB19217F0B40002F9EF4 /* ServiceTaskActionTests.swift in Sources */,
				7EBE4124215E6F71006C882C /* ServiceTaskTests.swift in Sources */,
			);
			runOnlyForDeploymentPostprocessing = 0;
		};
/* End PBXSourcesBuildPhase section */

/* Begin PBXTargetDependency section */
		7EBE4121215E6F71006C882C /* PBXTargetDependency */ = {
			isa = PBXTargetDependency;
			target = 7EBE4114215E6F71006C882C /* Forest */;
			targetProxy = 7EBE4120215E6F71006C882C /* PBXContainerItemProxy */;
		};
/* End PBXTargetDependency section */

/* Begin XCBuildConfiguration section */
		7EBE4127215E6F71006C882C /* Debug */ = {
			isa = XCBuildConfiguration;
			buildSettings = {
				ALWAYS_SEARCH_USER_PATHS = NO;
				CLANG_ANALYZER_NONNULL = YES;
				CLANG_ANALYZER_NUMBER_OBJECT_CONVERSION = YES_AGGRESSIVE;
				CLANG_CXX_LANGUAGE_STANDARD = "gnu++14";
				CLANG_CXX_LIBRARY = "libc++";
				CLANG_ENABLE_MODULES = YES;
				CLANG_ENABLE_OBJC_ARC = YES;
				CLANG_ENABLE_OBJC_WEAK = YES;
				CLANG_WARN_BLOCK_CAPTURE_AUTORELEASING = YES;
				CLANG_WARN_BOOL_CONVERSION = YES;
				CLANG_WARN_COMMA = YES;
				CLANG_WARN_CONSTANT_CONVERSION = YES;
				CLANG_WARN_DEPRECATED_OBJC_IMPLEMENTATIONS = YES;
				CLANG_WARN_DIRECT_OBJC_ISA_USAGE = YES_ERROR;
				CLANG_WARN_DOCUMENTATION_COMMENTS = YES;
				CLANG_WARN_EMPTY_BODY = YES;
				CLANG_WARN_ENUM_CONVERSION = YES;
				CLANG_WARN_INFINITE_RECURSION = YES;
				CLANG_WARN_INT_CONVERSION = YES;
				CLANG_WARN_NON_LITERAL_NULL_CONVERSION = YES;
				CLANG_WARN_OBJC_IMPLICIT_RETAIN_SELF = YES;
				CLANG_WARN_OBJC_LITERAL_CONVERSION = YES;
				CLANG_WARN_OBJC_ROOT_CLASS = YES_ERROR;
				CLANG_WARN_RANGE_LOOP_ANALYSIS = YES;
				CLANG_WARN_STRICT_PROTOTYPES = YES;
				CLANG_WARN_SUSPICIOUS_MOVE = YES;
				CLANG_WARN_UNGUARDED_AVAILABILITY = YES_AGGRESSIVE;
				CLANG_WARN_UNREACHABLE_CODE = YES;
				CLANG_WARN__DUPLICATE_METHOD_MATCH = YES;
				CODE_SIGN_IDENTITY = "iPhone Developer";
				COPY_PHASE_STRIP = NO;
				CURRENT_PROJECT_VERSION = 1;
				DEBUG_INFORMATION_FORMAT = dwarf;
				ENABLE_STRICT_OBJC_MSGSEND = YES;
				ENABLE_TESTABILITY = YES;
				GCC_C_LANGUAGE_STANDARD = gnu11;
				GCC_DYNAMIC_NO_PIC = NO;
				GCC_NO_COMMON_BLOCKS = YES;
				GCC_OPTIMIZATION_LEVEL = 0;
				GCC_PREPROCESSOR_DEFINITIONS = (
					"DEBUG=1",
					"$(inherited)",
				);
				GCC_WARN_64_TO_32_BIT_CONVERSION = YES;
				GCC_WARN_ABOUT_RETURN_TYPE = YES_ERROR;
				GCC_WARN_UNDECLARED_SELECTOR = YES;
				GCC_WARN_UNINITIALIZED_AUTOS = YES_AGGRESSIVE;
				GCC_WARN_UNUSED_FUNCTION = YES;
				GCC_WARN_UNUSED_VARIABLE = YES;
				IPHONEOS_DEPLOYMENT_TARGET = 11.0;
				MACOSX_DEPLOYMENT_TARGET = 10.13;
				MTL_ENABLE_DEBUG_INFO = INCLUDE_SOURCE;
				MTL_FAST_MATH = YES;
				ONLY_ACTIVE_ARCH = YES;
				SDKROOT = iphoneos;
				SWIFT_ACTIVE_COMPILATION_CONDITIONS = DEBUG;
				SWIFT_OPTIMIZATION_LEVEL = "-Onone";
				VERSIONING_SYSTEM = "apple-generic";
				VERSION_INFO_PREFIX = "";
			};
			name = Debug;
		};
		7EBE4128215E6F71006C882C /* Release */ = {
			isa = XCBuildConfiguration;
			buildSettings = {
				ALWAYS_SEARCH_USER_PATHS = NO;
				CLANG_ANALYZER_NONNULL = YES;
				CLANG_ANALYZER_NUMBER_OBJECT_CONVERSION = YES_AGGRESSIVE;
				CLANG_CXX_LANGUAGE_STANDARD = "gnu++14";
				CLANG_CXX_LIBRARY = "libc++";
				CLANG_ENABLE_MODULES = YES;
				CLANG_ENABLE_OBJC_ARC = YES;
				CLANG_ENABLE_OBJC_WEAK = YES;
				CLANG_WARN_BLOCK_CAPTURE_AUTORELEASING = YES;
				CLANG_WARN_BOOL_CONVERSION = YES;
				CLANG_WARN_COMMA = YES;
				CLANG_WARN_CONSTANT_CONVERSION = YES;
				CLANG_WARN_DEPRECATED_OBJC_IMPLEMENTATIONS = YES;
				CLANG_WARN_DIRECT_OBJC_ISA_USAGE = YES_ERROR;
				CLANG_WARN_DOCUMENTATION_COMMENTS = YES;
				CLANG_WARN_EMPTY_BODY = YES;
				CLANG_WARN_ENUM_CONVERSION = YES;
				CLANG_WARN_INFINITE_RECURSION = YES;
				CLANG_WARN_INT_CONVERSION = YES;
				CLANG_WARN_NON_LITERAL_NULL_CONVERSION = YES;
				CLANG_WARN_OBJC_IMPLICIT_RETAIN_SELF = YES;
				CLANG_WARN_OBJC_LITERAL_CONVERSION = YES;
				CLANG_WARN_OBJC_ROOT_CLASS = YES_ERROR;
				CLANG_WARN_RANGE_LOOP_ANALYSIS = YES;
				CLANG_WARN_STRICT_PROTOTYPES = YES;
				CLANG_WARN_SUSPICIOUS_MOVE = YES;
				CLANG_WARN_UNGUARDED_AVAILABILITY = YES_AGGRESSIVE;
				CLANG_WARN_UNREACHABLE_CODE = YES;
				CLANG_WARN__DUPLICATE_METHOD_MATCH = YES;
				CODE_SIGN_IDENTITY = "iPhone Developer";
				COPY_PHASE_STRIP = NO;
				CURRENT_PROJECT_VERSION = 1;
				DEBUG_INFORMATION_FORMAT = "dwarf-with-dsym";
				ENABLE_NS_ASSERTIONS = NO;
				ENABLE_STRICT_OBJC_MSGSEND = YES;
				GCC_C_LANGUAGE_STANDARD = gnu11;
				GCC_NO_COMMON_BLOCKS = YES;
				GCC_WARN_64_TO_32_BIT_CONVERSION = YES;
				GCC_WARN_ABOUT_RETURN_TYPE = YES_ERROR;
				GCC_WARN_UNDECLARED_SELECTOR = YES;
				GCC_WARN_UNINITIALIZED_AUTOS = YES_AGGRESSIVE;
				GCC_WARN_UNUSED_FUNCTION = YES;
				GCC_WARN_UNUSED_VARIABLE = YES;
				IPHONEOS_DEPLOYMENT_TARGET = 11.0;
				MACOSX_DEPLOYMENT_TARGET = 10.13;
				MTL_ENABLE_DEBUG_INFO = NO;
				MTL_FAST_MATH = YES;
				SDKROOT = iphoneos;
				SWIFT_COMPILATION_MODE = wholemodule;
				SWIFT_OPTIMIZATION_LEVEL = "-O";
				VALIDATE_PRODUCT = YES;
				VERSIONING_SYSTEM = "apple-generic";
				VERSION_INFO_PREFIX = "";
			};
			name = Release;
		};
		7EBE412A215E6F71006C882C /* Debug */ = {
			isa = XCBuildConfiguration;
			baseConfigurationReference = 4BC0A78C6B91506E2F170B41 /* Pods-All Targets-Forest.debug.xcconfig */;
			buildSettings = {
				CLANG_ENABLE_MODULES = YES;
				CODE_SIGN_IDENTITY = "";
				CODE_SIGN_STYLE = Automatic;
				DEFINES_MODULE = YES;
				DYLIB_COMPATIBILITY_VERSION = 1;
				DYLIB_CURRENT_VERSION = 1;
				DYLIB_INSTALL_NAME_BASE = "@rpath";
				INFOPLIST_FILE = "$(SRCROOT)/Forest/Info.plist";
				INSTALL_PATH = "$(LOCAL_LIBRARY_DIR)/Frameworks";
				IPHONEOS_DEPLOYMENT_TARGET = 10.3;
				LD_RUNPATH_SEARCH_PATHS = (
					"$(inherited)",
					"@executable_path/Frameworks",
					"@loader_path/Frameworks",
				);
				MARKETING_VERSION = 1.27.0;
				PRODUCT_BUNDLE_IDENTIFIER = org.kzlekk.Forest;
				PRODUCT_NAME = "$(TARGET_NAME:c99extidentifier)";
				SKIP_INSTALL = YES;
				SWIFT_OPTIMIZATION_LEVEL = "-Onone";
				SWIFT_VERSION = 5.0;
				TARGETED_DEVICE_FAMILY = "1,2";
			};
			name = Debug;
		};
		7EBE412B215E6F71006C882C /* Release */ = {
			isa = XCBuildConfiguration;
			baseConfigurationReference = 6738B592F20C89DCD71F7EB5 /* Pods-All Targets-Forest.release.xcconfig */;
			buildSettings = {
				CLANG_ENABLE_MODULES = YES;
				CODE_SIGN_IDENTITY = "";
				CODE_SIGN_STYLE = Automatic;
				DEFINES_MODULE = YES;
				DYLIB_COMPATIBILITY_VERSION = 1;
				DYLIB_CURRENT_VERSION = 1;
				DYLIB_INSTALL_NAME_BASE = "@rpath";
				INFOPLIST_FILE = "$(SRCROOT)/Forest/Info.plist";
				INSTALL_PATH = "$(LOCAL_LIBRARY_DIR)/Frameworks";
				IPHONEOS_DEPLOYMENT_TARGET = 10.3;
				LD_RUNPATH_SEARCH_PATHS = (
					"$(inherited)",
					"@executable_path/Frameworks",
					"@loader_path/Frameworks",
				);
				MARKETING_VERSION = 1.27.0;
				PRODUCT_BUNDLE_IDENTIFIER = org.kzlekk.Forest;
				PRODUCT_NAME = "$(TARGET_NAME:c99extidentifier)";
				SKIP_INSTALL = YES;
				SWIFT_VERSION = 5.0;
				TARGETED_DEVICE_FAMILY = "1,2";
			};
			name = Release;
		};
		7EBE412D215E6F71006C882C /* Debug */ = {
			isa = XCBuildConfiguration;
			baseConfigurationReference = F42E9468AAFDFB5E8207CE71 /* Pods-All Targets-ForestTests.debug.xcconfig */;
			buildSettings = {
				"CODE_SIGN_IDENTITY[sdk=macosx*]" = "-";
				CODE_SIGN_STYLE = Automatic;
				DEVELOPMENT_TEAM = "";
				GCC_OPTIMIZATION_LEVEL = s;
				INFOPLIST_FILE = ForestTests/Info.plist;
				LD_RUNPATH_SEARCH_PATHS = (
					"$(inherited)",
					"@executable_path/Frameworks",
					"@loader_path/Frameworks",
				);
				PRODUCT_BUNDLE_IDENTIFIER = org.kzlekk.ForestTests;
				PRODUCT_NAME = "$(TARGET_NAME)";
				SWIFT_VERSION = 5.0;
				TARGETED_DEVICE_FAMILY = "1,2";
			};
			name = Debug;
		};
		7EBE412E215E6F71006C882C /* Release */ = {
			isa = XCBuildConfiguration;
			baseConfigurationReference = 57BF83BE1B0914C67BE36050 /* Pods-All Targets-ForestTests.release.xcconfig */;
			buildSettings = {
				"CODE_SIGN_IDENTITY[sdk=macosx*]" = "-";
				CODE_SIGN_STYLE = Automatic;
				DEVELOPMENT_TEAM = "";
				INFOPLIST_FILE = ForestTests/Info.plist;
				LD_RUNPATH_SEARCH_PATHS = (
					"$(inherited)",
					"@executable_path/Frameworks",
					"@loader_path/Frameworks",
				);
				PRODUCT_BUNDLE_IDENTIFIER = org.kzlekk.ForestTests;
				PRODUCT_NAME = "$(TARGET_NAME)";
				SWIFT_VERSION = 5.0;
				TARGETED_DEVICE_FAMILY = "1,2";
			};
			name = Release;
		};
/* End XCBuildConfiguration section */

/* Begin XCConfigurationList section */
		7EBE410F215E6F71006C882C /* Build configuration list for PBXProject "Forest" */ = {
			isa = XCConfigurationList;
			buildConfigurations = (
				7EBE4127215E6F71006C882C /* Debug */,
				7EBE4128215E6F71006C882C /* Release */,
			);
			defaultConfigurationIsVisible = 0;
			defaultConfigurationName = Release;
		};
		7EBE4129215E6F71006C882C /* Build configuration list for PBXNativeTarget "Forest" */ = {
			isa = XCConfigurationList;
			buildConfigurations = (
				7EBE412A215E6F71006C882C /* Debug */,
				7EBE412B215E6F71006C882C /* Release */,
			);
			defaultConfigurationIsVisible = 0;
			defaultConfigurationName = Release;
		};
		7EBE412C215E6F71006C882C /* Build configuration list for PBXNativeTarget "ForestTests" */ = {
			isa = XCConfigurationList;
			buildConfigurations = (
				7EBE412D215E6F71006C882C /* Debug */,
				7EBE412E215E6F71006C882C /* Release */,
			);
			defaultConfigurationIsVisible = 0;
			defaultConfigurationName = Release;
		};
/* End XCConfigurationList section */
	};
	rootObject = 7EBE410C215E6F71006C882C /* Project object */;
}
